
Microsoft Visual Studio Solution File, Format Version 12.00
# Visual Studio Version 16
VisualStudioVersion = 16.0.31424.327
MinimumVisualStudioVersion = 10.0.40219.1
Project("{9A19103F-16F7-4668-BE54-9A1E7A4F7556}") = "test_case", "testovoe_c\test_case.csproj", "{65717287-3B07-4D94-A914-034A998DE478}"
EndProject
Global
	GlobalSection(SolutionConfigurationPlatforms) = preSolution
		Debug|Any CPU = Debug|Any CPU
		Release|Any CPU = Release|Any CPU
	EndGlobalSection
	GlobalSection(ProjectConfigurationPlatforms) = postSolution
		{65717287-3B07-4D94-A914-034A998DE478}.Debug|Any CPU.ActiveCfg = Debug|Any CPU
		{65717287-3B07-4D94-A914-034A998DE478}.Debug|Any CPU.Build.0 = Debug|Any CPU
		{65717287-3B07-4D94-A914-034A998DE478}.Release|Any CPU.ActiveCfg = Release|Any CPU
		{65717287-3B07-4D94-A914-034A998DE478}.Release|Any CPU.Build.0 = Release|Any CPU
	EndGlobalSection
	GlobalSection(SolutionProperties) = preSolution
		HideSolutionNode = FALSE
	EndGlobalSection
	GlobalSection(ExtensibilityGlobals) = postSolution
		SolutionGuid = {DFA4D993-FE9F-4E0E-A412-7FF0B2C0E050}
	EndGlobalSection
EndGlobal
